
Microsoft Visual Studio Solution File, Format Version 12.00
# Visual Studio Version 17
VisualStudioVersion = 17.14.36804.6
MinimumVisualStudioVersion = 10.0.40219.1
Project("{FAE04EC0-301F-11D3-BF4B-00C04F79EFBC}") = "Program", "Program.csproj", "{3A8BB990-EA1D-4AFF-8BEA-644F7C9AB8C4}"
EndProject
Project("{FAE04EC0-301F-11D3-BF4B-00C04F79EFBC}") = "Class1th (Garbage Collection)", "..\Class1th (Garbage Collection)\Class1th (Garbage Collection).csproj", "{2FFA1011-E028-4130-8549-D62E815C2E18}"
EndProject
Project("{FAE04EC0-301F-11D3-BF4B-00C04F79EFBC}") = "Class2th (Parameter Modifier)", "..\Class2th (Parameter Modifier)\Class2th (Parameter Modifier).csproj", "{73BC4639-412B-46AB-95B7-95E2C56B2C28}"
EndProject
Project("{FAE04EC0-301F-11D3-BF4B-00C04F79EFBC}") = "Class3th (Abstract Class)", "..\Class3th (Abstract Class)\Class3th (Abstract Class).csproj", "{78A42070-8C9D-49D5-957A-971865C2AC57}"
EndProject
Project("{FAE04EC0-301F-11D3-BF4B-00C04F79EFBC}") = "Class4th (Interface)", "..\Class4th (Interface)\Class4th (Interface).csproj", "{A708420C-F541-4B53-A157-5AEB7577A966}"
EndProject
Project("{FAE04EC0-301F-11D3-BF4B-00C04F79EFBC}") = "Class5th (Generalization)", "..\Class5th (Generalization)\Class5th (Generalization).csproj", "{BA9A01C1-5E4A-4E71-A5C4-949F7008A1BA}"
EndProject
Project("{FAE04EC0-301F-11D3-BF4B-00C04F79EFBC}") = "Class6th (Collections)", "..\Class6th (Collections)\Class6th (Collections).csproj", "{F6943A80-A158-4519-BDFB-BDFA483F3AEE}"
EndProject
Project("{FAE04EC0-301F-11D3-BF4B-00C04F79EFBC}") = "Class10th (Open Closed Principle)", "..\Class10th (Open Closed Principle)\Class10th (Open Closed Principle).csproj", "{B9ADCD08-DE9F-451D-8425-B9E052B56222}"
EndProject
Project("{FAE04EC0-301F-11D3-BF4B-00C04F79EFBC}") = "Class7th (Enumerator)", "..\Class7th (Enumerator)\Class7th (Enumerator).csproj", "{43277344-6924-43DC-991C-4AA78844C968}"
EndProject
Project("{FAE04EC0-301F-11D3-BF4B-00C04F79EFBC}") = "Class8th (Delegate)", "..\Class8th (Delegate)\Class8th (Delegate).csproj", "{D4E89C56-A56B-4762-9249-38137398DC0F}"
EndProject
Project("{FAE04EC0-301F-11D3-BF4B-00C04F79EFBC}") = "Class9th (Single Responsibility Principle)", "..\Class9th (Single Responsibility Principle)\Class9th (Single Responsibility Principle).csproj", "{F63A9B72-E2AC-489C-8EB5-38140E49DCEB}"
EndProject
Project("{FAE04EC0-301F-11D3-BF4B-00C04F79EFBC}") = "Class11th (Interface Segregation Principle)", "..\Class11th (Interface Segregation Principle)\Class11th (Interface Segregation Principle).csproj", "{B465F608-B670-4575-8D6A-1CC8A346BCC4}"
EndProject
Project("{FAE04EC0-301F-11D3-BF4B-00C04F79EFBC}") = "Class12th (Dependency Inversion Principle)", "..\Class12th (Dependency Inversion Principle)\Class12th (Dependency Inversion Principle).csproj", "{CECAC317-9793-48DA-92C4-82D9F4329861}"
EndProject
Project("{FAE04EC0-301F-11D3-BF4B-00C04F79EFBC}") = "Class13th (Liskov Substitution Principle)", "..\Class13th (Liskov Substitution Principle)\Class13th (Liskov Substitution Principle).csproj", "{FAB3783C-C4AC-455B-B13F-610BA79CFCE1}"
EndProject
Global
	GlobalSection(SolutionConfigurationPlatforms) = preSolution
		Debug|Any CPU = Debug|Any CPU
		Release|Any CPU = Release|Any CPU
	EndGlobalSection
	GlobalSection(ProjectConfigurationPlatforms) = postSolution
		{3A8BB990-EA1D-4AFF-8BEA-644F7C9AB8C4}.Debug|Any CPU.ActiveCfg = Debug|Any CPU
		{3A8BB990-EA1D-4AFF-8BEA-644F7C9AB8C4}.Debug|Any CPU.Build.0 = Debug|Any CPU
		{3A8BB990-EA1D-4AFF-8BEA-644F7C9AB8C4}.Release|Any CPU.ActiveCfg = Release|Any CPU
		{3A8BB990-EA1D-4AFF-8BEA-644F7C9AB8C4}.Release|Any CPU.Build.0 = Release|Any CPU
		{2FFA1011-E028-4130-8549-D62E815C2E18}.Debug|Any CPU.ActiveCfg = Debug|Any CPU
		{2FFA1011-E028-4130-8549-D62E815C2E18}.Debug|Any CPU.Build.0 = Debug|Any CPU
		{2FFA1011-E028-4130-8549-D62E815C2E18}.Release|Any CPU.ActiveCfg = Release|Any CPU
		{2FFA1011-E028-4130-8549-D62E815C2E18}.Release|Any CPU.Build.0 = Release|Any CPU
		{73BC4639-412B-46AB-95B7-95E2C56B2C28}.Debug|Any CPU.ActiveCfg = Debug|Any CPU
		{73BC4639-412B-46AB-95B7-95E2C56B2C28}.Debug|Any CPU.Build.0 = Debug|Any CPU
		{73BC4639-412B-46AB-95B7-95E2C56B2C28}.Release|Any CPU.ActiveCfg = Release|Any CPU
		{73BC4639-412B-46AB-95B7-95E2C56B2C28}.Release|Any CPU.Build.0 = Release|Any CPU
		{78A42070-8C9D-49D5-957A-971865C2AC57}.Debug|Any CPU.ActiveCfg = Debug|Any CPU
		{78A42070-8C9D-49D5-957A-971865C2AC57}.Debug|Any CPU.Build.0 = Debug|Any CPU
		{78A42070-8C9D-49D5-957A-971865C2AC57}.Release|Any CPU.ActiveCfg = Release|Any CPU
		{78A42070-8C9D-49D5-957A-971865C2AC57}.Release|Any CPU.Build.0 = Release|Any CPU
		{A708420C-F541-4B53-A157-5AEB7577A966}.Debug|Any CPU.ActiveCfg = Debug|Any CPU
		{A708420C-F541-4B53-A157-5AEB7577A966}.Debug|Any CPU.Build.0 = Debug|Any CPU
		{A708420C-F541-4B53-A157-5AEB7577A966}.Release|Any CPU.ActiveCfg = Release|Any CPU
		{A708420C-F541-4B53-A157-5AEB7577A966}.Release|Any CPU.Build.0 = Release|Any CPU
		{BA9A01C1-5E4A-4E71-A5C4-949F7008A1BA}.Debug|Any CPU.ActiveCfg = Debug|Any CPU
		{BA9A01C1-5E4A-4E71-A5C4-949F7008A1BA}.Debug|Any CPU.Build.0 = Debug|Any CPU
		{BA9A01C1-5E4A-4E71-A5C4-949F7008A1BA}.Release|Any CPU.ActiveCfg = Release|Any CPU
		{BA9A01C1-5E4A-4E71-A5C4-949F7008A1BA}.Release|Any CPU.Build.0 = Release|Any CPU
		{F6943A80-A158-4519-BDFB-BDFA483F3AEE}.Debug|Any CPU.ActiveCfg = Debug|Any CPU
		{F6943A80-A158-4519-BDFB-BDFA483F3AEE}.Debug|Any CPU.Build.0 = Debug|Any CPU
		{F6943A80-A158-4519-BDFB-BDFA483F3AEE}.Release|Any CPU.ActiveCfg = Release|Any CPU
		{F6943A80-A158-4519-BDFB-BDFA483F3AEE}.Release|Any CPU.Build.0 = Release|Any CPU
		{B9ADCD08-DE9F-451D-8425-B9E052B56222}.Debug|Any CPU.ActiveCfg = Debug|Any CPU
		{B9ADCD08-DE9F-451D-8425-B9E052B56222}.Debug|Any CPU.Build.0 = Debug|Any CPU
		{B9ADCD08-DE9F-451D-8425-B9E052B56222}.Release|Any CPU.ActiveCfg = Release|Any CPU
		{B9ADCD08-DE9F-451D-8425-B9E052B56222}.Release|Any CPU.Build.0 = Release|Any CPU
		{43277344-6924-43DC-991C-4AA78844C968}.Debug|Any CPU.ActiveCfg = Debug|Any CPU
		{43277344-6924-43DC-991C-4AA78844C968}.Debug|Any CPU.Build.0 = Debug|Any CPU
		{43277344-6924-43DC-991C-4AA78844C968}.Release|Any CPU.ActiveCfg = Release|Any CPU
		{43277344-6924-43DC-991C-4AA78844C968}.Release|Any CPU.Build.0 = Release|Any CPU
		{D4E89C56-A56B-4762-9249-38137398DC0F}.Debug|Any CPU.ActiveCfg = Debug|Any CPU
		{D4E89C56-A56B-4762-9249-38137398DC0F}.Debug|Any CPU.Build.0 = Debug|Any CPU
		{D4E89C56-A56B-4762-9249-38137398DC0F}.Release|Any CPU.ActiveCfg = Release|Any CPU
		{D4E89C56-A56B-4762-9249-38137398DC0F}.Release|Any CPU.Build.0 = Release|Any CPU
		{F63A9B72-E2AC-489C-8EB5-38140E49DCEB}.Debug|Any CPU.ActiveCfg = Debug|Any CPU
		{F63A9B72-E2AC-489C-8EB5-38140E49DCEB}.Debug|Any CPU.Build.0 = Debug|Any CPU
		{F63A9B72-E2AC-489C-8EB5-38140E49DCEB}.Release|Any CPU.ActiveCfg = Release|Any CPU
		{F63A9B72-E2AC-489C-8EB5-38140E49DCEB}.Release|Any CPU.Build.0 = Release|Any CPU
		{B465F608-B670-4575-8D6A-1CC8A346BCC4}.Debug|Any CPU.ActiveCfg = Debug|Any CPU
		{B465F608-B670-4575-8D6A-1CC8A346BCC4}.Debug|Any CPU.Build.0 = Debug|Any CPU
		{B465F608-B670-4575-8D6A-1CC8A346BCC4}.Release|Any CPU.ActiveCfg = Release|Any CPU
		{B465F608-B670-4575-8D6A-1CC8A346BCC4}.Release|Any CPU.Build.0 = Release|Any CPU
		{CECAC317-9793-48DA-92C4-82D9F4329861}.Debug|Any CPU.ActiveCfg = Debug|Any CPU
		{CECAC317-9793-48DA-92C4-82D9F4329861}.Debug|Any CPU.Build.0 = Debug|Any CPU
		{CECAC317-9793-48DA-92C4-82D9F4329861}.Release|Any CPU.ActiveCfg = Release|Any CPU
		{CECAC317-9793-48DA-92C4-82D9F4329861}.Release|Any CPU.Build.0 = Release|Any CPU
		{FAB3783C-C4AC-455B-B13F-610BA79CFCE1}.Debug|Any CPU.ActiveCfg = Debug|Any CPU
		{FAB3783C-C4AC-455B-B13F-610BA79CFCE1}.Debug|Any CPU.Build.0 = Debug|Any CPU
		{FAB3783C-C4AC-455B-B13F-610BA79CFCE1}.Release|Any CPU.ActiveCfg = Release|Any CPU
		{FAB3783C-C4AC-455B-B13F-610BA79CFCE1}.Release|Any CPU.Build.0 = Release|Any CPU
	EndGlobalSection
	GlobalSection(SolutionProperties) = preSolution
		HideSolutionNode = FALSE
	EndGlobalSection
	GlobalSection(ExtensibilityGlobals) = postSolution
		SolutionGuid = {804B9DC9-9DED-4691-B21D-F85FA8299B14}
	EndGlobalSection
EndGlobal
