
Microsoft Visual Studio Solution File, Format Version 12.00
# Visual Studio Version 17
VisualStudioVersion = 17.14.36804.6
MinimumVisualStudioVersion = 10.0.40219.1
Project("{FAE04EC0-301F-11D3-BF4B-00C04F79EFBC}") = "Program", "Program.csproj", "{3A8BB990-EA1D-4AFF-8BEA-644F7C9AB8C4}"
EndProject
Project("{FAE04EC0-301F-11D3-BF4B-00C04F79EFBC}") = "Class1th (Garbage Collection)", "..\Class1th (Garbage Collection)\Class1th (Garbage Collection).csproj", "{2FFA1011-E028-4130-8549-D62E815C2E18}"
EndProject
Project("{FAE04EC0-301F-11D3-BF4B-00C04F79EFBC}") = "Class2th (Parameter Modifier)", "..\Class2th (Parameter Modifier)\Class2th (Parameter Modifier).csproj", "{73BC4639-412B-46AB-95B7-95E2C56B2C28}"
EndProject
Project("{FAE04EC0-301F-11D3-BF4B-00C04F79EFBC}") = "Class3th (Abstract Class)", "..\Class3th (Abstract Class)\Class3th (Abstract Class).csproj", "{78A42070-8C9D-49D5-957A-971865C2AC57}"
EndProject
Global
	GlobalSection(SolutionConfigurationPlatforms) = preSolution
		Debug|Any CPU = Debug|Any CPU
		Release|Any CPU = Release|Any CPU
	EndGlobalSection
	GlobalSection(ProjectConfigurationPlatforms) = postSolution
		{3A8BB990-EA1D-4AFF-8BEA-644F7C9AB8C4}.Debug|Any CPU.ActiveCfg = Debug|Any CPU
		{3A8BB990-EA1D-4AFF-8BEA-644F7C9AB8C4}.Debug|Any CPU.Build.0 = Debug|Any CPU
		{3A8BB990-EA1D-4AFF-8BEA-644F7C9AB8C4}.Release|Any CPU.ActiveCfg = Release|Any CPU
		{3A8BB990-EA1D-4AFF-8BEA-644F7C9AB8C4}.Release|Any CPU.Build.0 = Release|Any CPU
		{2FFA1011-E028-4130-8549-D62E815C2E18}.Debug|Any CPU.ActiveCfg = Debug|Any CPU
		{2FFA1011-E028-4130-8549-D62E815C2E18}.Debug|Any CPU.Build.0 = Debug|Any CPU
		{2FFA1011-E028-4130-8549-D62E815C2E18}.Release|Any CPU.ActiveCfg = Release|Any CPU
		{2FFA1011-E028-4130-8549-D62E815C2E18}.Release|Any CPU.Build.0 = Release|Any CPU
		{73BC4639-412B-46AB-95B7-95E2C56B2C28}.Debug|Any CPU.ActiveCfg = Debug|Any CPU
		{73BC4639-412B-46AB-95B7-95E2C56B2C28}.Debug|Any CPU.Build.0 = Debug|Any CPU
		{73BC4639-412B-46AB-95B7-95E2C56B2C28}.Release|Any CPU.ActiveCfg = Release|Any CPU
		{73BC4639-412B-46AB-95B7-95E2C56B2C28}.Release|Any CPU.Build.0 = Release|Any CPU
		{78A42070-8C9D-49D5-957A-971865C2AC57}.Debug|Any CPU.ActiveCfg = Debug|Any CPU
		{78A42070-8C9D-49D5-957A-971865C2AC57}.Debug|Any CPU.Build.0 = Debug|Any CPU
		{78A42070-8C9D-49D5-957A-971865C2AC57}.Release|Any CPU.ActiveCfg = Release|Any CPU
		{78A42070-8C9D-49D5-957A-971865C2AC57}.Release|Any CPU.Build.0 = Release|Any CPU
	EndGlobalSection
	GlobalSection(SolutionProperties) = preSolution
		HideSolutionNode = FALSE
	EndGlobalSection
	GlobalSection(ExtensibilityGlobals) = postSolution
		SolutionGuid = {804B9DC9-9DED-4691-B21D-F85FA8299B14}
	EndGlobalSection
EndGlobal
